
Microsoft Visual Studio Solution File, Format Version 12.00
# Visual Studio 2012
Project("{FAE04EC0-301F-11D3-BF4B-00C04F79EFBC}") = "FirstiOS", "FirstiOS\FirstiOS.csproj", "{C2F27752-D4E4-4A9E-BEA2-BF8163157D32}"
EndProject
Global
	GlobalSection(SolutionConfigurationPlatforms) = preSolution
		Debug|iPhoneSimulator = Debug|iPhoneSimulator
		Release|iPhoneSimulator = Release|iPhoneSimulator
		Debug|iPhone = Debug|iPhone
		Release|iPhone = Release|iPhone
		Ad-Hoc|iPhone = Ad-Hoc|iPhone
		AppStore|iPhone = AppStore|iPhone
	EndGlobalSection
	GlobalSection(ProjectConfigurationPlatforms) = postSolution
		{C2F27752-D4E4-4A9E-BEA2-BF8163157D32}.Ad-Hoc|iPhone.ActiveCfg = Ad-Hoc|iPhone
		{C2F27752-D4E4-4A9E-BEA2-BF8163157D32}.Ad-Hoc|iPhone.Build.0 = Ad-Hoc|iPhone
		{C2F27752-D4E4-4A9E-BEA2-BF8163157D32}.AppStore|iPhone.ActiveCfg = AppStore|iPhone
		{C2F27752-D4E4-4A9E-BEA2-BF8163157D32}.AppStore|iPhone.Build.0 = AppStore|iPhone
		{C2F27752-D4E4-4A9E-BEA2-BF8163157D32}.Debug|iPhone.ActiveCfg = Debug|iPhone
		{C2F27752-D4E4-4A9E-BEA2-BF8163157D32}.Debug|iPhone.Build.0 = Debug|iPhone
		{C2F27752-D4E4-4A9E-BEA2-BF8163157D32}.Debug|iPhoneSimulator.ActiveCfg = Debug|iPhoneSimulator
		{C2F27752-D4E4-4A9E-BEA2-BF8163157D32}.Debug|iPhoneSimulator.Build.0 = Debug|iPhoneSimulator
		{C2F27752-D4E4-4A9E-BEA2-BF8163157D32}.Release|iPhone.ActiveCfg = Release|iPhone
		{C2F27752-D4E4-4A9E-BEA2-BF8163157D32}.Release|iPhone.Build.0 = Release|iPhone
		{C2F27752-D4E4-4A9E-BEA2-BF8163157D32}.Release|iPhoneSimulator.ActiveCfg = Release|iPhoneSimulator
		{C2F27752-D4E4-4A9E-BEA2-BF8163157D32}.Release|iPhoneSimulator.Build.0 = Release|iPhoneSimulator
	EndGlobalSection
	GlobalSection(MonoDevelopProperties) = preSolution
		StartupItem = FirstiOS\FirstiOS.csproj
	EndGlobalSection
EndGlobal
